{
  "name": "mmm-kakaomap",
  "version": "1.0.0",
  "lockfileVersion": 2,
  "requires": true,
  "packages": {
    "": {
      "name": "mmm-kakaomap",
      "version": "1.0.0",
      "license": "MIT",
      "dependencies": {
        "node-helper": "^0.1.1"
      }
    },
    "node_modules/node-helper": {
      "version": "0.1.1",
      "resolved": "https://registry.npmjs.org/node-helper/-/node-helper-0.1.1.tgz",
      "integrity": "sha1-2w0WZtdSTcIj9tb27CTko/t1XXM="
    }
  },
  "dependencies": {
    "node-helper": {
      "version": "0.1.1",
      "resolved": "https://registry.npmjs.org/node-helper/-/node-helper-0.1.1.tgz",
      "integrity": "sha1-2w0WZtdSTcIj9tb27CTko/t1XXM="
    }
  }
}
